
Microsoft Visual Studio Solution File, Format Version 12.00
# Visual Studio Version 17
VisualStudioVersion = 17.12.35527.113 d17.12
MinimumVisualStudioVersion = 10.0.40219.1
Project("{FAE04EC0-301F-11D3-BF4B-00C04F79EFBC}") = "test-wpf", "test-wpf\test-wpf.csproj", "{B9CD3F26-6BD0-419B-8814-194A311E1337}"
EndProject
Global
	GlobalSection(SolutionConfigurationPlatforms) = preSolution
		Debug|Any CPU = Debug|Any CPU
		Release|Any CPU = Release|Any CPU
	EndGlobalSection
	GlobalSection(ProjectConfigurationPlatforms) = postSolution
		{B9CD3F26-6BD0-419B-8814-194A311E1337}.Debug|Any CPU.ActiveCfg = Debug|Any CPU
		{B9CD3F26-6BD0-419B-8814-194A311E1337}.Debug|Any CPU.Build.0 = Debug|Any CPU
		{B9CD3F26-6BD0-419B-8814-194A311E1337}.Release|Any CPU.ActiveCfg = Release|Any CPU
		{B9CD3F26-6BD0-419B-8814-194A311E1337}.Release|Any CPU.Build.0 = Release|Any CPU
	EndGlobalSection
	GlobalSection(SolutionProperties) = preSolution
		HideSolutionNode = FALSE
	EndGlobalSection
EndGlobal
